dependencies:
- name: climate-engine
  repository: file://../../ce-deployment/helm/climate-engine
  version: 1.0.9
- name: ce-infra-deployer
  repository: file://../../ce-deployment/helm/ce-infra-deployer
  version: 1.0.9
- name: ce-billing-agent
  repository: ""
  version: 1.0.9
digest: sha256:4df799746bc2db4ecece7a9bce08a09498954a0510d00c4035ece5d735f57533
generated: "2022-10-04T17:25:53.246526944-04:00"
