dependencies:
- name: climate-engine
  repository: file://../../ce-deployment/helm/climate-engine
  version: 1.0.5
- name: ce-infra-deployer
  repository: file://../../ce-deployment/helm/ce-infra-deployer
  version: 1.0.5
- name: ce-billing-agent
  repository: ""
  version: 1.0.5
digest: sha256:1a218fff21a63b653304ed04f6646f8fc3e7fb25ba1303503b3f70502be5d810
generated: "2021-09-15T22:32:10.94467003-04:00"
